
Microsoft Visual Studio Solution File, Format Version 12.00
# Visual Studio Version 17
VisualStudioVersion = 17.7.34024.191
MinimumVisualStudioVersion = 10.0.40219.1
Project("{FAE04EC0-301F-11D3-BF4B-00C04F79EFBC}") = "CarpeLibrum_BookClub_23", "CarpeLibrum_BookClub_23\CarpeLibrum_BookClub_23.csproj", "{FA786F62-ABE0-4287-A2DE-6D4A63FB55DF}"
EndProject
Global
	GlobalSection(SolutionConfigurationPlatforms) = preSolution
		Debug|Any CPU = Debug|Any CPU
		Release|Any CPU = Release|Any CPU
	EndGlobalSection
	GlobalSection(ProjectConfigurationPlatforms) = postSolution
		{FA786F62-ABE0-4287-A2DE-6D4A63FB55DF}.Debug|Any CPU.ActiveCfg = Debug|Any CPU
		{FA786F62-ABE0-4287-A2DE-6D4A63FB55DF}.Debug|Any CPU.Build.0 = Debug|Any CPU
		{FA786F62-ABE0-4287-A2DE-6D4A63FB55DF}.Release|Any CPU.ActiveCfg = Release|Any CPU
		{FA786F62-ABE0-4287-A2DE-6D4A63FB55DF}.Release|Any CPU.Build.0 = Release|Any CPU
	EndGlobalSection
	GlobalSection(SolutionProperties) = preSolution
		HideSolutionNode = FALSE
	EndGlobalSection
	GlobalSection(ExtensibilityGlobals) = postSolution
		SolutionGuid = {E2E66DAC-00AC-464A-A592-619D617AAA41}
	EndGlobalSection
EndGlobal
